github.com/writecodex09/salam v1.0.0 h1:wzR9f8FxaU/KbFaj83LkpfQFzZjxDp/et+amdJwM97o=
github.com/writecodex09/salam v1.0.0/go.mod h1:XNljaabyivKY+UT3xG43t6xedg9/0S/r+T1RzfH9RuA=
github.com/writecodex09/salam v1.5.0 h1:3lsSoBmyD+WOUjLDauQWgE1w4XiSoH4hFhAy//+toPA=
github.com/writecodex09/salam v1.5.0/go.mod h1:XNljaabyivKY+UT3xG43t6xedg9/0S/r+T1RzfH9RuA=
